
Microsoft Visual Studio Solution File, Format Version 12.00
# Visual Studio Version 16
VisualStudioVersion = 16.0.29230.47
MinimumVisualStudioVersion = 10.0.40219.1
Project("{FAE04EC0-301F-11D3-BF4B-00C04F79EFBC}") = "НовыйПроект", "НовыйПроект\НовыйПроект.csproj", "{7FEC6781-6644-40BD-9C6D-BC6E6DD8BE0B}"
EndProject
Global
	GlobalSection(SolutionConfigurationPlatforms) = preSolution
		Debug|Any CPU = Debug|Any CPU
		Release|Any CPU = Release|Any CPU
	EndGlobalSection
	GlobalSection(ProjectConfigurationPlatforms) = postSolution
		{7FEC6781-6644-40BD-9C6D-BC6E6DD8BE0B}.Debug|Any CPU.ActiveCfg = Debug|Any CPU
		{7FEC6781-6644-40BD-9C6D-BC6E6DD8BE0B}.Debug|Any CPU.Build.0 = Debug|Any CPU
		{7FEC6781-6644-40BD-9C6D-BC6E6DD8BE0B}.Release|Any CPU.ActiveCfg = Release|Any CPU
		{7FEC6781-6644-40BD-9C6D-BC6E6DD8BE0B}.Release|Any CPU.Build.0 = Release|Any CPU
	EndGlobalSection
	GlobalSection(SolutionProperties) = preSolution
		HideSolutionNode = FALSE
	EndGlobalSection
	GlobalSection(ExtensibilityGlobals) = postSolution
		SolutionGuid = {2FEF77FA-7D02-48B0-8824-AC58E7CC2735}
	EndGlobalSection
EndGlobal
