
Microsoft Visual Studio Solution File, Format Version 12.00
# Visual Studio Version 16
VisualStudioVersion = 16.0.29230.47
MinimumVisualStudioVersion = 10.0.40219.1
Project("{FAE04EC0-301F-11D3-BF4B-00C04F79EFBC}") = "ПроектПробный", "ПроектПробный\ПроектПробный.csproj", "{0DC4C901-6E48-4926-A60A-F4B0396AA446}"
EndProject
Global
	GlobalSection(SolutionConfigurationPlatforms) = preSolution
		Debug|Any CPU = Debug|Any CPU
		Release|Any CPU = Release|Any CPU
	EndGlobalSection
	GlobalSection(ProjectConfigurationPlatforms) = postSolution
		{0DC4C901-6E48-4926-A60A-F4B0396AA446}.Debug|Any CPU.ActiveCfg = Debug|Any CPU
		{0DC4C901-6E48-4926-A60A-F4B0396AA446}.Debug|Any CPU.Build.0 = Debug|Any CPU
		{0DC4C901-6E48-4926-A60A-F4B0396AA446}.Release|Any CPU.ActiveCfg = Release|Any CPU
		{0DC4C901-6E48-4926-A60A-F4B0396AA446}.Release|Any CPU.Build.0 = Release|Any CPU
	EndGlobalSection
	GlobalSection(SolutionProperties) = preSolution
		HideSolutionNode = FALSE
	EndGlobalSection
	GlobalSection(ExtensibilityGlobals) = postSolution
		SolutionGuid = {F037E0CA-DE17-4325-BDF2-26F94B7318A7}
	EndGlobalSection
EndGlobal
